
Microsoft Visual Studio Solution File, Format Version 12.00
# Visual Studio Version 17
VisualStudioVersion = 17.0.31903.59
MinimumVisualStudioVersion = 10.0.40219.1
Project("{FAE04EC0-301F-11D3-BF4B-00C04F79EFBC}") = "Assignment2", "Assignment2\Assignment2.csproj", "{03C8BACB-8420-447D-A697-F8C61933BEA9}"
EndProject
Project("{FAE04EC0-301F-11D3-BF4B-00C04F79EFBC}") = "Assignment2.Tests", "Assignment2.Tests\Assignment2.Tests.csproj", "{C2790BB6-6726-4158-A895-0E56F65A086A}"
EndProject
Project("{FAE04EC0-301F-11D3-BF4B-00C04F79EFBC}") = "Students", "Students\Students.csproj", "{71F82661-B831-4FE1-AFA4-08D891D74E3D}"
EndProject
Project("{FAE04EC0-301F-11D3-BF4B-00C04F79EFBC}") = "StudentsTest", "StudentsTest\StudentsTest.csproj", "{F5F82664-69C7-466C-AB26-1C8DC4A48BEC}"
EndProject
Global
	GlobalSection(SolutionConfigurationPlatforms) = preSolution
		Debug|Any CPU = Debug|Any CPU
		Release|Any CPU = Release|Any CPU
	EndGlobalSection
	GlobalSection(SolutionProperties) = preSolution
		HideSolutionNode = FALSE
	EndGlobalSection
	GlobalSection(ProjectConfigurationPlatforms) = postSolution
		{03C8BACB-8420-447D-A697-F8C61933BEA9}.Debug|Any CPU.ActiveCfg = Debug|Any CPU
		{03C8BACB-8420-447D-A697-F8C61933BEA9}.Debug|Any CPU.Build.0 = Debug|Any CPU
		{03C8BACB-8420-447D-A697-F8C61933BEA9}.Release|Any CPU.ActiveCfg = Release|Any CPU
		{03C8BACB-8420-447D-A697-F8C61933BEA9}.Release|Any CPU.Build.0 = Release|Any CPU
		{C2790BB6-6726-4158-A895-0E56F65A086A}.Debug|Any CPU.ActiveCfg = Debug|Any CPU
		{C2790BB6-6726-4158-A895-0E56F65A086A}.Debug|Any CPU.Build.0 = Debug|Any CPU
		{C2790BB6-6726-4158-A895-0E56F65A086A}.Release|Any CPU.ActiveCfg = Release|Any CPU
		{C2790BB6-6726-4158-A895-0E56F65A086A}.Release|Any CPU.Build.0 = Release|Any CPU
		{71F82661-B831-4FE1-AFA4-08D891D74E3D}.Debug|Any CPU.ActiveCfg = Debug|Any CPU
		{71F82661-B831-4FE1-AFA4-08D891D74E3D}.Debug|Any CPU.Build.0 = Debug|Any CPU
		{71F82661-B831-4FE1-AFA4-08D891D74E3D}.Release|Any CPU.ActiveCfg = Release|Any CPU
		{71F82661-B831-4FE1-AFA4-08D891D74E3D}.Release|Any CPU.Build.0 = Release|Any CPU
		{F5F82664-69C7-466C-AB26-1C8DC4A48BEC}.Debug|Any CPU.ActiveCfg = Debug|Any CPU
		{F5F82664-69C7-466C-AB26-1C8DC4A48BEC}.Debug|Any CPU.Build.0 = Debug|Any CPU
		{F5F82664-69C7-466C-AB26-1C8DC4A48BEC}.Release|Any CPU.ActiveCfg = Release|Any CPU
		{F5F82664-69C7-466C-AB26-1C8DC4A48BEC}.Release|Any CPU.Build.0 = Release|Any CPU
	EndGlobalSection
EndGlobal
